
Microsoft Visual Studio Solution File, Format Version 12.00
# Visual Studio Version 17
VisualStudioVersion = 17.6.33723.286
MinimumVisualStudioVersion = 10.0.40219.1
Project("{FAE04EC0-301F-11D3-BF4B-00C04F79EFBC}") = "BMISummer2023", "BMISummer2023\BMISummer2023.csproj", "{F4DB1E34-0357-4633-A68B-C16ABE84041C}"
EndProject
Global
	GlobalSection(SolutionConfigurationPlatforms) = preSolution
		Debug|Any CPU = Debug|Any CPU
		Release|Any CPU = Release|Any CPU
	EndGlobalSection
	GlobalSection(ProjectConfigurationPlatforms) = postSolution
		{F4DB1E34-0357-4633-A68B-C16ABE84041C}.Debug|Any CPU.ActiveCfg = Debug|Any CPU
		{F4DB1E34-0357-4633-A68B-C16ABE84041C}.Debug|Any CPU.Build.0 = Debug|Any CPU
		{F4DB1E34-0357-4633-A68B-C16ABE84041C}.Release|Any CPU.ActiveCfg = Release|Any CPU
		{F4DB1E34-0357-4633-A68B-C16ABE84041C}.Release|Any CPU.Build.0 = Release|Any CPU
	EndGlobalSection
	GlobalSection(SolutionProperties) = preSolution
		HideSolutionNode = FALSE
	EndGlobalSection
	GlobalSection(ExtensibilityGlobals) = postSolution
		SolutionGuid = {AF593C0B-E2AB-4F19-A988-4DCFCFB93AE7}
	EndGlobalSection
EndGlobal
